
Microsoft Visual Studio Solution File, Format Version 12.00
# Visual Studio Version 17
VisualStudioVersion = 17.5.33516.290
MinimumVisualStudioVersion = 10.0.40219.1
Project("{9A19103F-16F7-4668-BE54-9A1E7A4F7556}") = "TestWizard", "TestWizard\TestWizard.csproj", "{EAA3C12F-D499-476C-9500-524EAEE3373A}"
EndProject
Project("{9A19103F-16F7-4668-BE54-9A1E7A4F7556}") = "AeroWizard", "Library\AeroWizard.csproj", "{199C12C4-3EEF-4D08-BAC3-F2A62BCF969C}"
EndProject
Project("{2150E333-8FDC-42A3-9474-1A3956D46DE8}") = "Solution Items", "Solution Items", "{E2BF2A7F-4BD4-43A9-AD97-E93D9578FCD9}"
	ProjectSection(SolutionItems) = preProject
		.editorconfig = .editorconfig
	EndProjectSection
EndProject
Global
	GlobalSection(SolutionConfigurationPlatforms) = preSolution
		Debug|Any CPU = Debug|Any CPU
		Release|Any CPU = Release|Any CPU
	EndGlobalSection
	GlobalSection(ProjectConfigurationPlatforms) = postSolution
		{EAA3C12F-D499-476C-9500-524EAEE3373A}.Debug|Any CPU.ActiveCfg = Debug|Any CPU
		{EAA3C12F-D499-476C-9500-524EAEE3373A}.Debug|Any CPU.Build.0 = Debug|Any CPU
		{EAA3C12F-D499-476C-9500-524EAEE3373A}.Release|Any CPU.ActiveCfg = Release|Any CPU
		{EAA3C12F-D499-476C-9500-524EAEE3373A}.Release|Any CPU.Build.0 = Release|Any CPU
		{199C12C4-3EEF-4D08-BAC3-F2A62BCF969C}.Debug|Any CPU.ActiveCfg = Debug|Any CPU
		{199C12C4-3EEF-4D08-BAC3-F2A62BCF969C}.Debug|Any CPU.Build.0 = Debug|Any CPU
		{199C12C4-3EEF-4D08-BAC3-F2A62BCF969C}.Release|Any CPU.ActiveCfg = Release|Any CPU
		{199C12C4-3EEF-4D08-BAC3-F2A62BCF969C}.Release|Any CPU.Build.0 = Release|Any CPU
	EndGlobalSection
	GlobalSection(SolutionProperties) = preSolution
		HideSolutionNode = FALSE
	EndGlobalSection
	GlobalSection(ExtensibilityGlobals) = postSolution
		SolutionGuid = {453A6D16-F05B-4DC9-97D3-7613A09E91DA}
	EndGlobalSection
EndGlobal
